
Microsoft Visual Studio Solution File, Format Version 12.00
# Visual Studio 14
VisualStudioVersion = 14.0.25420.1
MinimumVisualStudioVersion = 10.0.40219.1
Project("{FAE04EC0-301F-11D3-BF4B-00C04F79EFBC}") = "OEM", "CRM_V3\OEM.csproj", "{5AB4289A-F9C0-408C-8E95-3220DFA5F748}"
EndProject
Project("{FAE04EC0-301F-11D3-BF4B-00C04F79EFBC}") = "Core.OEM", "Core.CRM\Core.OEM.csproj", "{8440338B-A644-462A-8664-6BBBA7916253}"
EndProject
Global
	GlobalSection(SolutionConfigurationPlatforms) = preSolution
		Debug|Any CPU = Debug|Any CPU
		Release|Any CPU = Release|Any CPU
	EndGlobalSection
	GlobalSection(ProjectConfigurationPlatforms) = postSolution
		{5AB4289A-F9C0-408C-8E95-3220DFA5F748}.Debug|Any CPU.ActiveCfg = Debug|Any CPU
		{5AB4289A-F9C0-408C-8E95-3220DFA5F748}.Debug|Any CPU.Build.0 = Debug|Any CPU
		{5AB4289A-F9C0-408C-8E95-3220DFA5F748}.Release|Any CPU.ActiveCfg = Release|Any CPU
		{5AB4289A-F9C0-408C-8E95-3220DFA5F748}.Release|Any CPU.Build.0 = Release|Any CPU
		{8440338B-A644-462A-8664-6BBBA7916253}.Debug|Any CPU.ActiveCfg = Debug|Any CPU
		{8440338B-A644-462A-8664-6BBBA7916253}.Debug|Any CPU.Build.0 = Debug|Any CPU
		{8440338B-A644-462A-8664-6BBBA7916253}.Release|Any CPU.ActiveCfg = Release|Any CPU
		{8440338B-A644-462A-8664-6BBBA7916253}.Release|Any CPU.Build.0 = Release|Any CPU
	EndGlobalSection
	GlobalSection(SolutionProperties) = preSolution
		HideSolutionNode = FALSE
	EndGlobalSection
EndGlobal
